
Microsoft Visual Studio Solution File, Format Version 12.00
# Visual Studio Version 17
VisualStudioVersion = 17.4.33213.308
MinimumVisualStudioVersion = 10.0.40219.1
Project("{FAE04EC0-301F-11D3-BF4B-00C04F79EFBC}") = "NetworkMegaConfigurator", "NetworkMegaConfigurator.csproj", "{5EEF9109-EEDD-4460-9566-ECEC27B79295}"
EndProject
Global
	GlobalSection(SolutionConfigurationPlatforms) = preSolution
		Debug|Any CPU = Debug|Any CPU
		Release|Any CPU = Release|Any CPU
	EndGlobalSection
	GlobalSection(ProjectConfigurationPlatforms) = postSolution
		{5EEF9109-EEDD-4460-9566-ECEC27B79295}.Debug|Any CPU.ActiveCfg = Debug|Any CPU
		{5EEF9109-EEDD-4460-9566-ECEC27B79295}.Debug|Any CPU.Build.0 = Debug|Any CPU
		{5EEF9109-EEDD-4460-9566-ECEC27B79295}.Release|Any CPU.ActiveCfg = Release|Any CPU
		{5EEF9109-EEDD-4460-9566-ECEC27B79295}.Release|Any CPU.Build.0 = Release|Any CPU
	EndGlobalSection
	GlobalSection(SolutionProperties) = preSolution
		HideSolutionNode = FALSE
	EndGlobalSection
	GlobalSection(ExtensibilityGlobals) = postSolution
		SolutionGuid = {763C37C2-F83C-40EB-9D7C-4FF1FED856C6}
	EndGlobalSection
EndGlobal
